{
  "name": "toolsexcercise",
  "version": "0.0.1",
  "lockfileVersion": 2,
  "requires": true,
  "packages": {
    "": {
      "name": "toolsexcercise",
      "version": "0.0.1",
      "license": "ISC",
      "dependencies": {
        "three": "^0.146.0",
        "web-ifc": "^0.0.36"
      }
    },
    "node_modules/three": {
      "version": "0.146.0",
      "resolved": "https://registry.npmjs.org/three/-/three-0.146.0.tgz",
      "integrity": "sha512-1lvNfLezN6OJ9NaFAhfX4sm5e9YCzHtaRgZ1+B4C+Hv6TibRMsuBAM5/wVKzxjpYIlMymvgsHEFrrigEfXnb2A=="
    },
    "node_modules/web-ifc": {
      "version": "0.0.36",
      "resolved": "https://registry.npmjs.org/web-ifc/-/web-ifc-0.0.36.tgz",
      "integrity": "sha512-1C3h8Qf7TpEByJTpTt/yzZbnAuByH0hEEfOiVQho83Y6lKNCDWe/0cKObExZMAi2XMDIiES6cYL43PsQ3rHo2A=="
    }
  },
  "dependencies": {
    "three": {
      "version": "0.146.0",
      "resolved": "https://registry.npmjs.org/three/-/three-0.146.0.tgz",
      "integrity": "sha512-1lvNfLezN6OJ9NaFAhfX4sm5e9YCzHtaRgZ1+B4C+Hv6TibRMsuBAM5/wVKzxjpYIlMymvgsHEFrrigEfXnb2A=="
    },
    "web-ifc": {
      "version": "0.0.36",
      "resolved": "https://registry.npmjs.org/web-ifc/-/web-ifc-0.0.36.tgz",
      "integrity": "sha512-1C3h8Qf7TpEByJTpTt/yzZbnAuByH0hEEfOiVQho83Y6lKNCDWe/0cKObExZMAi2XMDIiES6cYL43PsQ3rHo2A=="
    }
  }
}
